
Microsoft Visual Studio Solution File, Format Version 12.00
# Visual Studio 15
VisualStudioVersion = 15.0.26730.15
MinimumVisualStudioVersion = 10.0.40219.1
Project("{E24C65DC-7377-472B-9ABA-BC803B73C61A}") = "doan_xitrum112017", ".", "{8CFE0C83-11B5-4B1A-9C24-3C9A03392A57}"
	ProjectSection(WebsiteProperties) = preProject
		TargetFrameworkMoniker = ".NETFramework,Version%3Dv4.6.1"
		Debug.AspNetCompiler.VirtualPath = "/localhost_55518"
		Debug.AspNetCompiler.PhysicalPath = "..\doan_xitrum112017\"
		Debug.AspNetCompiler.TargetPath = "PrecompiledWeb\localhost_55518\"
		Debug.AspNetCompiler.Updateable = "true"
		Debug.AspNetCompiler.ForceOverwrite = "true"
		Debug.AspNetCompiler.FixedNames = "false"
		Debug.AspNetCompiler.Debug = "True"
		Release.AspNetCompiler.VirtualPath = "/localhost_55518"
		Release.AspNetCompiler.PhysicalPath = "..\doan_xitrum112017\"
		Release.AspNetCompiler.TargetPath = "PrecompiledWeb\localhost_55518\"
		Release.AspNetCompiler.Updateable = "true"
		Release.AspNetCompiler.ForceOverwrite = "true"
		Release.AspNetCompiler.FixedNames = "false"
		Release.AspNetCompiler.Debug = "False"
		VWDPort = "55518"
		SlnRelativePath = "..\doan_xitrum112017\"
	EndProjectSection
EndProject
Global
	GlobalSection(SolutionConfigurationPlatforms) = preSolution
		Debug|Any CPU = Debug|Any CPU
	EndGlobalSection
	GlobalSection(ProjectConfigurationPlatforms) = postSolution
		{8CFE0C83-11B5-4B1A-9C24-3C9A03392A57}.Debug|Any CPU.ActiveCfg = Debug|Any CPU
		{8CFE0C83-11B5-4B1A-9C24-3C9A03392A57}.Debug|Any CPU.Build.0 = Debug|Any CPU
	EndGlobalSection
	GlobalSection(SolutionProperties) = preSolution
		HideSolutionNode = FALSE
	EndGlobalSection
	GlobalSection(ExtensibilityGlobals) = postSolution
		SolutionGuid = {5337D025-D4EC-4D2A-9B4F-2546B7C49557}
	EndGlobalSection
EndGlobal
